
Microsoft Visual Studio Solution File, Format Version 12.00
# Visual Studio Version 16
VisualStudioVersion = 16.0.29613.14
MinimumVisualStudioVersion = 10.0.40219.1
Project("{FAE04EC0-301F-11D3-BF4B-00C04F79EFBC}") = "TenebrisCapulusEngine", "TenebrisCapulusEngine\TenebrisCapulusEngine.csproj", "{5B0B9292-82E5-42FA-9C1B-EBC1096080E1}"
EndProject
Global
	GlobalSection(SolutionConfigurationPlatforms) = preSolution
		Debug|Any CPU = Debug|Any CPU
		Release|Any CPU = Release|Any CPU
	EndGlobalSection
	GlobalSection(ProjectConfigurationPlatforms) = postSolution
		{5B0B9292-82E5-42FA-9C1B-EBC1096080E1}.Debug|Any CPU.ActiveCfg = Debug|Any CPU
		{5B0B9292-82E5-42FA-9C1B-EBC1096080E1}.Debug|Any CPU.Build.0 = Debug|Any CPU
		{5B0B9292-82E5-42FA-9C1B-EBC1096080E1}.Release|Any CPU.ActiveCfg = Release|Any CPU
		{5B0B9292-82E5-42FA-9C1B-EBC1096080E1}.Release|Any CPU.Build.0 = Release|Any CPU
	EndGlobalSection
	GlobalSection(SolutionProperties) = preSolution
		HideSolutionNode = FALSE
	EndGlobalSection
	GlobalSection(ExtensibilityGlobals) = postSolution
		SolutionGuid = {81B8CF7A-7C8C-46CF-A698-DE0A51B5AA13}
	EndGlobalSection
EndGlobal
